// !$*UTF8*$!
{
	archiveVersion = 1;
	classes = {
	};
	objectVersion = 51;
	objects = {

/* Begin PBXBuildFile section */
		4000B87227AE6CFB00BEC3C4 /* incorrect.png in Resources */ = {isa = PBXBuildFile; fileRef = 4000B87027AE6CFB00BEC3C4 /* incorrect.png */; };
		4000B87927AE70FE00BEC3C4 /* correct.png in Resources */ = {isa = PBXBuildFile; fileRef = 4000B87827AE70FE00BEC3C4 /* correct.png */; };
		401D3A612783138A00178703 /* levelOne.csv in Resources */ = {isa = PBXBuildFile; fileRef = 401D3A602783138A00178703 /* levelOne.csv */; };
		401D3A632783139B00178703 /* levelThree.csv in Resources */ = {isa = PBXBuildFile; fileRef = 401D3A622783139B00178703 /* levelThree.csv */; };
		401D3A6527831B0A00178703 /* QuizScreenViewController.swift in Sources */ = {isa = PBXBuildFile; fileRef = 401D3A6427831B0A00178703 /* QuizScreenViewController.swift */; };
		4033487A278C668900FF052F /* UIColor+ShadowColorRed.swift in Sources */ = {isa = PBXBuildFile; fileRef = 40334879278C668900FF052F /* UIColor+ShadowColorRed.swift */; };
		4033487C278C66B400FF052F /* PressableMaterialButton.swift in Sources */ = {isa = PBXBuildFile; fileRef = 4033487B278C66B400FF052F /* PressableMaterialButton.swift */; };
		404D714F27BC7C0E00282FB4 /* launch.png in Resources */ = {isa = PBXBuildFile; fileRef = 404D714E27BC7C0D00282FB4 /* launch.png */; };
		4061844827AAAA4E0060B76F /* backImage.png in Resources */ = {isa = PBXBuildFile; fileRef = 4061844727AAAA4D0060B76F /* backImage.png */; };
		407B72A0278DAF6C00F7AB05 /* levelFour.csv in Resources */ = {isa = PBXBuildFile; fileRef = 407B729F278DAF6C00F7AB05 /* levelFour.csv */; };
		407B72A2278DAF7D00F7AB05 /* levelFive.csv in Resources */ = {isa = PBXBuildFile; fileRef = 407B72A1278DAF7D00F7AB05 /* levelFive.csv */; };
		408664DC27919BCE00588AE7 /* SavedAnswer.swift in Sources */ = {isa = PBXBuildFile; fileRef = 408664DB27919BCE00588AE7 /* SavedAnswer.swift */; };
		4097451027812AB6007EE736 /* AppDelegate.swift in Sources */ = {isa = PBXBuildFile; fileRef = 4097450F27812AB6007EE736 /* AppDelegate.swift */; };
		4097451227812AB6007EE736 /* SceneDelegate.swift in Sources */ = {isa = PBXBuildFile; fileRef = 4097451127812AB6007EE736 /* SceneDelegate.swift */; };
		4097451427812AB6007EE736 /* ViewController.swift in Sources */ = {isa = PBXBuildFile; fileRef = 4097451327812AB6007EE736 /* ViewController.swift */; };
		4097451727812AB6007EE736 /* Main.storyboard in Resources */ = {isa = PBXBuildFile; fileRef = 4097451527812AB6007EE736 /* Main.storyboard */; };
		4097451927812AC1007EE736 /* Assets.xcassets in Resources */ = {isa = PBXBuildFile; fileRef = 4097451827812AC1007EE736 /* Assets.xcassets */; };
		4097451C27812AC1007EE736 /* LaunchScreen.storyboard in Resources */ = {isa = PBXBuildFile; fileRef = 4097451A27812AC1007EE736 /* LaunchScreen.storyboard */; };
		4097452627812C75007EE736 /* ScoreViewController.swift in Sources */ = {isa = PBXBuildFile; fileRef = 4097452527812C75007EE736 /* ScoreViewController.swift */; };
		4097452827812E77007EE736 /* levelTwo.csv in Resources */ = {isa = PBXBuildFile; fileRef = 4097452727812E77007EE736 /* levelTwo.csv */; };
		409EE10C27BA026A00FEAFCE /* Quiz.storyboard in Resources */ = {isa = PBXBuildFile; fileRef = 409EE10B27BA026A00FEAFCE /* Quiz.storyboard */; };
		409EE10E27BA07A800FEAFCE /* Score.storyboard in Resources */ = {isa = PBXBuildFile; fileRef = 409EE10D27BA07A800FEAFCE /* Score.storyboard */; };
		40B09D4C27B69A4400FECE97 /* UIColorHex.swift in Sources */ = {isa = PBXBuildFile; fileRef = 40B09D4B27B69A4400FECE97 /* UIColorHex.swift */; };
		40B09D4F27B6A4BB00FECE97 /* MainTableViewCell.swift in Sources */ = {isa = PBXBuildFile; fileRef = 40B09D4D27B6A4BB00FECE97 /* MainTableViewCell.swift */; };
		40B09D5027B6A4BB00FECE97 /* MainTableViewCell.xib in Resources */ = {isa = PBXBuildFile; fileRef = 40B09D4E27B6A4BB00FECE97 /* MainTableViewCell.xib */; };
		D9045FE0DB67B15027835FF9 /* Pods_RikuQuizApp.framework in Frameworks */ = {isa = PBXBuildFile; fileRef = 585525A99D33CF79298B75B6 /* Pods_RikuQuizApp.framework */; };
/* End PBXBuildFile section */

/* Begin PBXFileReference section */
		2535B4AB0E984A27B42FFB95 /* Pods-RikuQuizApp.debug.xcconfig */ = {isa = PBXFileReference; includeInIndex = 1; lastKnownFileType = text.xcconfig; name = "Pods-RikuQuizApp.debug.xcconfig"; path = "Target Support Files/Pods-RikuQuizApp/Pods-RikuQuizApp.debug.xcconfig"; sourceTree = "<group>"; };
		4000B87027AE6CFB00BEC3C4 /* incorrect.png */ = {isa = PBXFileReference; lastKnownFileType = image.png; path = incorrect.png; sourceTree = "<group>"; };
		4000B87827AE70FE00BEC3C4 /* correct.png */ = {isa = PBXFileReference; lastKnownFileType = image.png; path = correct.png; sourceTree = "<group>"; };
		401D3A602783138A00178703 /* levelOne.csv */ = {isa = PBXFileReference; lastKnownFileType = text; path = levelOne.csv; sourceTree = "<group>"; };
		401D3A622783139B00178703 /* levelThree.csv */ = {isa = PBXFileReference; lastKnownFileType = text; path = levelThree.csv; sourceTree = "<group>"; };
		401D3A6427831B0A00178703 /* QuizScreenViewController.swift */ = {isa = PBXFileReference; lastKnownFileType = sourcecode.swift; path = QuizScreenViewController.swift; sourceTree = "<group>"; };
		40334879278C668900FF052F /* UIColor+ShadowColorRed.swift */ = {isa = PBXFileReference; lastKnownFileType = sourcecode.swift; path = "UIColor+ShadowColorRed.swift"; sourceTree = "<group>"; };
		4033487B278C66B400FF052F /* PressableMaterialButton.swift */ = {isa = PBXFileReference; lastKnownFileType = sourcecode.swift; path = PressableMaterialButton.swift; sourceTree = "<group>"; };
		404D714E27BC7C0D00282FB4 /* launch.png */ = {isa = PBXFileReference; lastKnownFileType = image.png; path = launch.png; sourceTree = "<group>"; };
		405BD56827BD124D001D10AC /* QuizMaticProvisioning_Profile.mobileprovision */ = {isa = PBXFileReference; lastKnownFileType = file; path = QuizMaticProvisioning_Profile.mobileprovision; sourceTree = "<group>"; };
		4061844727AAAA4D0060B76F /* backImage.png */ = {isa = PBXFileReference; lastKnownFileType = image.png; path = backImage.png; sourceTree = "<group>"; };
		407B729F278DAF6C00F7AB05 /* levelFour.csv */ = {isa = PBXFileReference; lastKnownFileType = text; path = levelFour.csv; sourceTree = "<group>"; };
		407B72A1278DAF7D00F7AB05 /* levelFive.csv */ = {isa = PBXFileReference; lastKnownFileType = text; path = levelFive.csv; sourceTree = "<group>"; };
		408664DB27919BCE00588AE7 /* SavedAnswer.swift */ = {isa = PBXFileReference; lastKnownFileType = sourcecode.swift; path = SavedAnswer.swift; sourceTree = "<group>"; };
		4097450C27812AB5007EE736 /* RikuQuizApp.app */ = {isa = PBXFileReference; explicitFileType = wrapper.application; includeInIndex = 0; path = RikuQuizApp.app; sourceTree = BUILT_PRODUCTS_DIR; };
		4097450F27812AB6007EE736 /* AppDelegate.swift */ = {isa = PBXFileReference; lastKnownFileType = sourcecode.swift; path = AppDelegate.swift; sourceTree = "<group>"; };
		4097451127812AB6007EE736 /* SceneDelegate.swift */ = {isa = PBXFileReference; lastKnownFileType = sourcecode.swift; path = SceneDelegate.swift; sourceTree = "<group>"; };
		4097451327812AB6007EE736 /* ViewController.swift */ = {isa = PBXFileReference; lastKnownFileType = sourcecode.swift; path = ViewController.swift; sourceTree = "<group>"; };
		4097451627812AB6007EE736 /* Base */ = {isa = PBXFileReference; lastKnownFileType = file.storyboard; name = Base; path = Base.lproj/Main.storyboard; sourceTree = "<group>"; };
		4097451827812AC1007EE736 /* Assets.xcassets */ = {isa = PBXFileReference; lastKnownFileType = folder.assetcatalog; path = Assets.xcassets; sourceTree = "<group>"; };
		4097451B27812AC1007EE736 /* Base */ = {isa = PBXFileReference; lastKnownFileType = file.storyboard; name = Base; path = Base.lproj/LaunchScreen.storyboard; sourceTree = "<group>"; };
		4097451D27812AC1007EE736 /* Info.plist */ = {isa = PBXFileReference; lastKnownFileType = text.plist.xml; path = Info.plist; sourceTree = "<group>"; };
		4097452527812C75007EE736 /* ScoreViewController.swift */ = {isa = PBXFileReference; lastKnownFileType = sourcecode.swift; path = ScoreViewController.swift; sourceTree = "<group>"; };
		4097452727812E77007EE736 /* levelTwo.csv */ = {isa = PBXFileReference; lastKnownFileType = text; path = levelTwo.csv; sourceTree = "<group>"; };
		409EE10B27BA026A00FEAFCE /* Quiz.storyboard */ = {isa = PBXFileReference; lastKnownFileType = file.storyboard; path = Quiz.storyboard; sourceTree = "<group>"; };
		409EE10D27BA07A800FEAFCE /* Score.storyboard */ = {isa = PBXFileReference; lastKnownFileType = file.storyboard; path = Score.storyboard; sourceTree = "<group>"; };
		40B09D4B27B69A4400FECE97 /* UIColorHex.swift */ = {isa = PBXFileReference; lastKnownFileType = sourcecode.swift; path = UIColorHex.swift; sourceTree = "<group>"; };
		40B09D4D27B6A4BB00FECE97 /* MainTableViewCell.swift */ = {isa = PBXFileReference; lastKnownFileType = sourcecode.swift; path = MainTableViewCell.swift; sourceTree = "<group>"; };
		40B09D4E27B6A4BB00FECE97 /* MainTableViewCell.xib */ = {isa = PBXFileReference; lastKnownFileType = file.xib; path = MainTableViewCell.xib; sourceTree = "<group>"; };
		585525A99D33CF79298B75B6 /* Pods_RikuQuizApp.framework */ = {isa = PBXFileReference; explicitFileType = wrapper.framework; includeInIndex = 0; path = Pods_RikuQuizApp.framework; sourceTree = BUILT_PRODUCTS_DIR; };
		C8F831D9D1D1EBE61DB9FD0B /* Pods-RikuQuizApp.release.xcconfig */ = {isa = PBXFileReference; includeInIndex = 1; lastKnownFileType = text.xcconfig; name = "Pods-RikuQuizApp.release.xcconfig"; path = "Target Support Files/Pods-RikuQuizApp/Pods-RikuQuizApp.release.xcconfig"; sourceTree = "<group>"; };
/* End PBXFileReference section */

/* Begin PBXFrameworksBuildPhase section */
		4097450927812AB5007EE736 /* Frameworks */ = {
			isa = PBXFrameworksBuildPhase;
			buildActionMask = 2147483647;
			files = (
				D9045FE0DB67B15027835FF9 /* Pods_RikuQuizApp.framework in Frameworks */,
			);
			runOnlyForDeploymentPostprocessing = 0;
		};
/* End PBXFrameworksBuildPhase section */

/* Begin PBXGroup section */
		405506C427B2976D00D665EF /* CSV */ = {
			isa = PBXGroup;
			children = (
				401D3A602783138A00178703 /* levelOne.csv */,
				4097452727812E77007EE736 /* levelTwo.csv */,
				401D3A622783139B00178703 /* levelThree.csv */,
				407B729F278DAF6C00F7AB05 /* levelFour.csv */,
				407B72A1278DAF7D00F7AB05 /* levelFive.csv */,
			);
			path = CSV;
			sourceTree = "<group>";
		};
		408F068227B3EAD00096CFAF /* Button Animation */ = {
			isa = PBXGroup;
			children = (
				4033487B278C66B400FF052F /* PressableMaterialButton.swift */,
				40334879278C668900FF052F /* UIColor+ShadowColorRed.swift */,
			);
			path = "Button Animation";
			sourceTree = "<group>";
		};
		408F068327B3EAEE0096CFAF /* Controller */ = {
			isa = PBXGroup;
			children = (
				4097451327812AB6007EE736 /* ViewController.swift */,
				401D3A6427831B0A00178703 /* QuizScreenViewController.swift */,
				4097452527812C75007EE736 /* ScoreViewController.swift */,
				40B09D4D27B6A4BB00FECE97 /* MainTableViewCell.swift */,
				40B09D4E27B6A4BB00FECE97 /* MainTableViewCell.xib */,
			);
			path = Controller;
			sourceTree = "<group>";
		};
		408F068427B3EB090096CFAF /* Class */ = {
			isa = PBXGroup;
			children = (
				40B09D4B27B69A4400FECE97 /* UIColorHex.swift */,
				408664DB27919BCE00588AE7 /* SavedAnswer.swift */,
			);
			path = Class;
			sourceTree = "<group>";
		};
		408F068527B3EB240096CFAF /* Images */ = {
			isa = PBXGroup;
			children = (
				4097451827812AC1007EE736 /* Assets.xcassets */,
				4061844727AAAA4D0060B76F /* backImage.png */,
				4000B87827AE70FE00BEC3C4 /* correct.png */,
				4000B87027AE6CFB00BEC3C4 /* incorrect.png */,
				404D714E27BC7C0D00282FB4 /* launch.png */,
			);
			path = Images;
			sourceTree = "<group>";
		};
		408F068627B3EB360096CFAF /* StoryBoard */ = {
			isa = PBXGroup;
			children = (
				4097451527812AB6007EE736 /* Main.storyboard */,
				409EE10B27BA026A00FEAFCE /* Quiz.storyboard */,
				409EE10D27BA07A800FEAFCE /* Score.storyboard */,
				4097451A27812AC1007EE736 /* LaunchScreen.storyboard */,
			);
			path = StoryBoard;
			sourceTree = "<group>";
		};
		4097450327812AB5007EE736 = {
			isa = PBXGroup;
			children = (
				4097450E27812AB6007EE736 /* RikuQuizApp */,
				4097451D27812AC1007EE736 /* Info.plist */,
				405BD56827BD124D001D10AC /* QuizMaticProvisioning_Profile.mobileprovision */,
				4097450D27812AB5007EE736 /* Products */,
				C297BC0DEB4DAEDD2BCE45EA /* Pods */,
				AF655DC1D29632E640FC62AB /* Frameworks */,
			);
			sourceTree = "<group>";
		};
		4097450D27812AB5007EE736 /* Products */ = {
			isa = PBXGroup;
			children = (
				4097450C27812AB5007EE736 /* RikuQuizApp.app */,
			);
			name = Products;
			sourceTree = "<group>";
		};
		4097450E27812AB6007EE736 /* RikuQuizApp */ = {
			isa = PBXGroup;
			children = (
				4097450F27812AB6007EE736 /* AppDelegate.swift */,
				4097451127812AB6007EE736 /* SceneDelegate.swift */,
				408F068327B3EAEE0096CFAF /* Controller */,
				408F068427B3EB090096CFAF /* Class */,
				408F068627B3EB360096CFAF /* StoryBoard */,
				408F068227B3EAD00096CFAF /* Button Animation */,
				405506C427B2976D00D665EF /* CSV */,
				408F068527B3EB240096CFAF /* Images */,
			);
			path = RikuQuizApp;
			sourceTree = "<group>";
		};
		AF655DC1D29632E640FC62AB /* Frameworks */ = {
			isa = PBXGroup;
			children = (
				585525A99D33CF79298B75B6 /* Pods_RikuQuizApp.framework */,
			);
			name = Frameworks;
			sourceTree = "<group>";
		};
		C297BC0DEB4DAEDD2BCE45EA /* Pods */ = {
			isa = PBXGroup;
			children = (
				2535B4AB0E984A27B42FFB95 /* Pods-RikuQuizApp.debug.xcconfig */,
				C8F831D9D1D1EBE61DB9FD0B /* Pods-RikuQuizApp.release.xcconfig */,
			);
			path = Pods;
			sourceTree = "<group>";
		};
/* End PBXGroup section */

/* Begin PBXNativeTarget section */
		4097450B27812AB5007EE736 /* RikuQuizApp */ = {
			isa = PBXNativeTarget;
			buildConfigurationList = 4097452027812AC1007EE736 /* Build configuration list for PBXNativeTarget "RikuQuizApp" */;
			buildPhases = (
				FEFAF15035396E04C378EC8C /* [CP] Check Pods Manifest.lock */,
				4097450827812AB5007EE736 /* Sources */,
				4097450927812AB5007EE736 /* Frameworks */,
				4097450A27812AB5007EE736 /* Resources */,
				D0691157AF590F9640977C9F /* [CP] Embed Pods Frameworks */,
			);
			buildRules = (
			);
			dependencies = (
			);
			name = RikuQuizApp;
			productName = RikuQuizApp;
			productReference = 4097450C27812AB5007EE736 /* RikuQuizApp.app */;
			productType = "com.apple.product-type.application";
		};
/* End PBXNativeTarget section */

/* Begin PBXProject section */
		4097450427812AB5007EE736 /* Project object */ = {
			isa = PBXProject;
			attributes = {
				LastSwiftUpdateCheck = 1250;
				LastUpgradeCheck = 1250;
				TargetAttributes = {
					4097450B27812AB5007EE736 = {
						CreatedOnToolsVersion = 12.5.1;
					};
				};
			};
			buildConfigurationList = 4097450727812AB5007EE736 /* Build configuration list for PBXProject "RikuQuizApp" */;
			compatibilityVersion = "Xcode 9.3";
			developmentRegion = en;
			hasScannedForEncodings = 0;
			knownRegions = (
				en,
				Base,
			);
			mainGroup = 4097450327812AB5007EE736;
			productRefGroup = 4097450D27812AB5007EE736 /* Products */;
			projectDirPath = "";
			projectRoot = "";
			targets = (
				4097450B27812AB5007EE736 /* RikuQuizApp */,
			);
		};
/* End PBXProject section */

/* Begin PBXResourcesBuildPhase section */
		4097450A27812AB5007EE736 /* Resources */ = {
			isa = PBXResourcesBuildPhase;
			buildActionMask = 2147483647;
			files = (
				409EE10C27BA026A00FEAFCE /* Quiz.storyboard in Resources */,
				401D3A612783138A00178703 /* levelOne.csv in Resources */,
				401D3A632783139B00178703 /* levelThree.csv in Resources */,
				4061844827AAAA4E0060B76F /* backImage.png in Resources */,
				4097451C27812AC1007EE736 /* LaunchScreen.storyboard in Resources */,
				4097451927812AC1007EE736 /* Assets.xcassets in Resources */,
				404D714F27BC7C0E00282FB4 /* launch.png in Resources */,
				4000B87227AE6CFB00BEC3C4 /* incorrect.png in Resources */,
				409EE10E27BA07A800FEAFCE /* Score.storyboard in Resources */,
				4097451727812AB6007EE736 /* Main.storyboard in Resources */,
				407B72A2278DAF7D00F7AB05 /* levelFive.csv in Resources */,
				407B72A0278DAF6C00F7AB05 /* levelFour.csv in Resources */,
				4097452827812E77007EE736 /* levelTwo.csv in Resources */,
				40B09D5027B6A4BB00FECE97 /* MainTableViewCell.xib in Resources */,
				4000B87927AE70FE00BEC3C4 /* correct.png in Resources */,
			);
			runOnlyForDeploymentPostprocessing = 0;
		};
/* End PBXResourcesBuildPhase section */

/* Begin PBXShellScriptBuildPhase section */
		D0691157AF590F9640977C9F /* [CP] Embed Pods Frameworks */ = {
			isa = PBXShellScriptBuildPhase;
			buildActionMask = 2147483647;
			files = (
			);
			inputFileListPaths = (
				"${PODS_ROOT}/Target Support Files/Pods-RikuQuizApp/Pods-RikuQuizApp-frameworks-${CONFIGURATION}-input-files.xcfilelist",
			);
			name = "[CP] Embed Pods Frameworks";
			outputFileListPaths = (
				"${PODS_ROOT}/Target Support Files/Pods-RikuQuizApp/Pods-RikuQuizApp-frameworks-${CONFIGURATION}-output-files.xcfilelist",
			);
			runOnlyForDeploymentPostprocessing = 0;
			shellPath = /bin/sh;
			shellScript = "\"${PODS_ROOT}/Target Support Files/Pods-RikuQuizApp/Pods-RikuQuizApp-frameworks.sh\"\n";
			showEnvVarsInLog = 0;
		};
		FEFAF15035396E04C378EC8C /* [CP] Check Pods Manifest.lock */ = {
			isa = PBXShellScriptBuildPhase;
			buildActionMask = 2147483647;
			files = (
			);
			inputFileListPaths = (
			);
			inputPaths = (
				"${PODS_PODFILE_DIR_PATH}/Podfile.lock",
				"${PODS_ROOT}/Manifest.lock",
			);
			name = "[CP] Check Pods Manifest.lock";
			outputFileListPaths = (
			);
			outputPaths = (
				"$(DERIVED_FILE_DIR)/Pods-RikuQuizApp-checkManifestLockResult.txt",
			);
			runOnlyForDeploymentPostprocessing = 0;
			shellPath = /bin/sh;
			shellScript = "diff \"${PODS_PODFILE_DIR_PATH}/Podfile.lock\" \"${PODS_ROOT}/Manifest.lock\" > /dev/null\nif [ $? != 0 ] ; then\n    # print error to STDERR\n    echo \"error: The sandbox is not in sync with the Podfile.lock. Run 'pod install' or update your CocoaPods installation.\" >&2\n    exit 1\nfi\n# This output is used by Xcode 'outputs' to avoid re-running this script phase.\necho \"SUCCESS\" > \"${SCRIPT_OUTPUT_FILE_0}\"\n";
			showEnvVarsInLog = 0;
		};
/* End PBXShellScriptBuildPhase section */

/* Begin PBXSourcesBuildPhase section */
		4097450827812AB5007EE736 /* Sources */ = {
			isa = PBXSourcesBuildPhase;
			buildActionMask = 2147483647;
			files = (
				40B09D4C27B69A4400FECE97 /* UIColorHex.swift in Sources */,
				4097451427812AB6007EE736 /* ViewController.swift in Sources */,
				4097451027812AB6007EE736 /* AppDelegate.swift in Sources */,
				4097452627812C75007EE736 /* ScoreViewController.swift in Sources */,
				40B09D4F27B6A4BB00FECE97 /* MainTableViewCell.swift in Sources */,
				408664DC27919BCE00588AE7 /* SavedAnswer.swift in Sources */,
				401D3A6527831B0A00178703 /* QuizScreenViewController.swift in Sources */,
				4097451227812AB6007EE736 /* SceneDelegate.swift in Sources */,
				4033487A278C668900FF052F /* UIColor+ShadowColorRed.swift in Sources */,
				4033487C278C66B400FF052F /* PressableMaterialButton.swift in Sources */,
			);
			runOnlyForDeploymentPostprocessing = 0;
		};
/* End PBXSourcesBuildPhase section */

/* Begin PBXVariantGroup section */
		4097451527812AB6007EE736 /* Main.storyboard */ = {
			isa = PBXVariantGroup;
			children = (
				4097451627812AB6007EE736 /* Base */,
			);
			name = Main.storyboard;
			sourceTree = "<group>";
		};
		4097451A27812AC1007EE736 /* LaunchScreen.storyboard */ = {
			isa = PBXVariantGroup;
			children = (
				4097451B27812AC1007EE736 /* Base */,
			);
			name = LaunchScreen.storyboard;
			sourceTree = "<group>";
		};
/* End PBXVariantGroup section */

/* Begin XCBuildConfiguration section */
		4097451E27812AC1007EE736 /* Debug */ = {
			isa = XCBuildConfiguration;
			buildSettings = {
				ALWAYS_SEARCH_USER_PATHS = NO;
				CLANG_ANALYZER_NONNULL = YES;
				CLANG_ANALYZER_NUMBER_OBJECT_CONVERSION = YES_AGGRESSIVE;
				CLANG_CXX_LANGUAGE_STANDARD = "gnu++14";
				CLANG_CXX_LIBRARY = "libc++";
				CLANG_ENABLE_MODULES = YES;
				CLANG_ENABLE_OBJC_ARC = YES;
				CLANG_ENABLE_OBJC_WEAK = YES;
				CLANG_WARN_BLOCK_CAPTURE_AUTORELEASING = YES;
				CLANG_WARN_BOOL_CONVERSION = YES;
				CLANG_WARN_COMMA = YES;
				CLANG_WARN_CONSTANT_CONVERSION = YES;
				CLANG_WARN_DEPRECATED_OBJC_IMPLEMENTATIONS = YES;
				CLANG_WARN_DIRECT_OBJC_ISA_USAGE = YES_ERROR;
				CLANG_WARN_DOCUMENTATION_COMMENTS = YES;
				CLANG_WARN_EMPTY_BODY = YES;
				CLANG_WARN_ENUM_CONVERSION = YES;
				CLANG_WARN_INFINITE_RECURSION = YES;
				CLANG_WARN_INT_CONVERSION = YES;
				CLANG_WARN_NON_LITERAL_NULL_CONVERSION = YES;
				CLANG_WARN_OBJC_IMPLICIT_RETAIN_SELF = YES;
				CLANG_WARN_OBJC_LITERAL_CONVERSION = YES;
				CLANG_WARN_OBJC_ROOT_CLASS = YES_ERROR;
				CLANG_WARN_QUOTED_INCLUDE_IN_FRAMEWORK_HEADER = YES;
				CLANG_WARN_RANGE_LOOP_ANALYSIS = YES;
				CLANG_WARN_STRICT_PROTOTYPES = YES;
				CLANG_WARN_SUSPICIOUS_MOVE = YES;
				CLANG_WARN_UNGUARDED_AVAILABILITY = YES_AGGRESSIVE;
				CLANG_WARN_UNREACHABLE_CODE = YES;
				CLANG_WARN__DUPLICATE_METHOD_MATCH = YES;
				COPY_PHASE_STRIP = NO;
				DEBUG_INFORMATION_FORMAT = dwarf;
				ENABLE_STRICT_OBJC_MSGSEND = YES;
				ENABLE_TESTABILITY = YES;
				GCC_C_LANGUAGE_STANDARD = gnu11;
				GCC_DYNAMIC_NO_PIC = NO;
				GCC_NO_COMMON_BLOCKS = YES;
				GCC_OPTIMIZATION_LEVEL = 0;
				GCC_PREPROCESSOR_DEFINITIONS = (
					"DEBUG=1",
					"$(inherited)",
				);
				GCC_WARN_64_TO_32_BIT_CONVERSION = YES;
				GCC_WARN_ABOUT_RETURN_TYPE = YES_ERROR;
				GCC_WARN_UNDECLARED_SELECTOR = YES;
				GCC_WARN_UNINITIALIZED_AUTOS = YES_AGGRESSIVE;
				GCC_WARN_UNUSED_FUNCTION = YES;
				GCC_WARN_UNUSED_VARIABLE = YES;
				IPHONEOS_DEPLOYMENT_TARGET = 14.5;
				MTL_ENABLE_DEBUG_INFO = INCLUDE_SOURCE;
				MTL_FAST_MATH = YES;
				ONLY_ACTIVE_ARCH = YES;
				SDKROOT = iphoneos;
				SWIFT_ACTIVE_COMPILATION_CONDITIONS = DEBUG;
				SWIFT_OPTIMIZATION_LEVEL = "-Onone";
			};
			name = Debug;
		};
		4097451F27812AC1007EE736 /* Release */ = {
			isa = XCBuildConfiguration;
			buildSettings = {
				ALWAYS_SEARCH_USER_PATHS = NO;
				CLANG_ANALYZER_NONNULL = YES;
				CLANG_ANALYZER_NUMBER_OBJECT_CONVERSION = YES_AGGRESSIVE;
				CLANG_CXX_LANGUAGE_STANDARD = "gnu++14";
				CLANG_CXX_LIBRARY = "libc++";
				CLANG_ENABLE_MODULES = YES;
				CLANG_ENABLE_OBJC_ARC = YES;
				CLANG_ENABLE_OBJC_WEAK = YES;
				CLANG_WARN_BLOCK_CAPTURE_AUTORELEASING = YES;
				CLANG_WARN_BOOL_CONVERSION = YES;
				CLANG_WARN_COMMA = YES;
				CLANG_WARN_CONSTANT_CONVERSION = YES;
				CLANG_WARN_DEPRECATED_OBJC_IMPLEMENTATIONS = YES;
				CLANG_WARN_DIRECT_OBJC_ISA_USAGE = YES_ERROR;
				CLANG_WARN_DOCUMENTATION_COMMENTS = YES;
				CLANG_WARN_EMPTY_BODY = YES;
				CLANG_WARN_ENUM_CONVERSION = YES;
				CLANG_WARN_INFINITE_RECURSION = YES;
				CLANG_WARN_INT_CONVERSION = YES;
				CLANG_WARN_NON_LITERAL_NULL_CONVERSION = YES;
				CLANG_WARN_OBJC_IMPLICIT_RETAIN_SELF = YES;
				CLANG_WARN_OBJC_LITERAL_CONVERSION = YES;
				CLANG_WARN_OBJC_ROOT_CLASS = YES_ERROR;
				CLANG_WARN_QUOTED_INCLUDE_IN_FRAMEWORK_HEADER = YES;
				CLANG_WARN_RANGE_LOOP_ANALYSIS = YES;
				CLANG_WARN_STRICT_PROTOTYPES = YES;
				CLANG_WARN_SUSPICIOUS_MOVE = YES;
				CLANG_WARN_UNGUARDED_AVAILABILITY = YES_AGGRESSIVE;
				CLANG_WARN_UNREACHABLE_CODE = YES;
				CLANG_WARN__DUPLICATE_METHOD_MATCH = YES;
				COPY_PHASE_STRIP = NO;
				DEBUG_INFORMATION_FORMAT = "dwarf-with-dsym";
				ENABLE_NS_ASSERTIONS = NO;
				ENABLE_STRICT_OBJC_MSGSEND = YES;
				GCC_C_LANGUAGE_STANDARD = gnu11;
				GCC_NO_COMMON_BLOCKS = YES;
				GCC_WARN_64_TO_32_BIT_CONVERSION = YES;
				GCC_WARN_ABOUT_RETURN_TYPE = YES_ERROR;
				GCC_WARN_UNDECLARED_SELECTOR = YES;
				GCC_WARN_UNINITIALIZED_AUTOS = YES_AGGRESSIVE;
				GCC_WARN_UNUSED_FUNCTION = YES;
				GCC_WARN_UNUSED_VARIABLE = YES;
				IPHONEOS_DEPLOYMENT_TARGET = 14.5;
				MTL_ENABLE_DEBUG_INFO = NO;
				MTL_FAST_MATH = YES;
				SDKROOT = iphoneos;
				SWIFT_COMPILATION_MODE = wholemodule;
				SWIFT_OPTIMIZATION_LEVEL = "-O";
				VALIDATE_PRODUCT = YES;
			};
			name = Release;
		};
		4097452127812AC1007EE736 /* Debug */ = {
			isa = XCBuildConfiguration;
			baseConfigurationReference = 2535B4AB0E984A27B42FFB95 /* Pods-RikuQuizApp.debug.xcconfig */;
			buildSettings = {
				ASSETCATALOG_COMPILER_APPICON_NAME = AppIcon;
				ASSETCATALOG_COMPILER_GLOBAL_ACCENT_COLOR_NAME = AccentColor;
				CODE_SIGN_STYLE = Automatic;
				CURRENT_PROJECT_VERSION = 1.5.1;
				DEVELOPMENT_TEAM = L6Q3MJXV23;
				INFOPLIST_FILE = "$(SRCROOT)/Info.plist";
				IPHONEOS_DEPLOYMENT_TARGET = 15.2;
				LD_RUNPATH_SEARCH_PATHS = (
					"$(inherited)",
					"@executable_path/Frameworks",
				);
				MARKETING_VERSION = 1.5.1;
				PRODUCT_BUNDLE_IDENTIFIER = jp.techacademy.masaya.nakakuki.RikuQuizApp;
				PRODUCT_NAME = "$(TARGET_NAME)";
				SWIFT_VERSION = 5.0;
				TARGETED_DEVICE_FAMILY = 1;
			};
			name = Debug;
		};
		4097452227812AC1007EE736 /* Release */ = {
			isa = XCBuildConfiguration;
			baseConfigurationReference = C8F831D9D1D1EBE61DB9FD0B /* Pods-RikuQuizApp.release.xcconfig */;
			buildSettings = {
				ASSETCATALOG_COMPILER_APPICON_NAME = AppIcon;
				ASSETCATALOG_COMPILER_GLOBAL_ACCENT_COLOR_NAME = AccentColor;
				CODE_SIGN_STYLE = Automatic;
				CURRENT_PROJECT_VERSION = 1.5.1;
				DEVELOPMENT_TEAM = L6Q3MJXV23;
				INFOPLIST_FILE = "$(SRCROOT)/Info.plist";
				IPHONEOS_DEPLOYMENT_TARGET = 15.2;
				LD_RUNPATH_SEARCH_PATHS = (
					"$(inherited)",
					"@executable_path/Frameworks",
				);
				MARKETING_VERSION = 1.5.1;
				PRODUCT_BUNDLE_IDENTIFIER = jp.techacademy.masaya.nakakuki.RikuQuizApp;
				PRODUCT_NAME = "$(TARGET_NAME)";
				SWIFT_VERSION = 5.0;
				TARGETED_DEVICE_FAMILY = 1;
			};
			name = Release;
		};
/* End XCBuildConfiguration section */

/* Begin XCConfigurationList section */
		4097450727812AB5007EE736 /* Build configuration list for PBXProject "RikuQuizApp" */ = {
			isa = XCConfigurationList;
			buildConfigurations = (
				4097451E27812AC1007EE736 /* Debug */,
				4097451F27812AC1007EE736 /* Release */,
			);
			defaultConfigurationIsVisible = 0;
			defaultConfigurationName = Release;
		};
		4097452027812AC1007EE736 /* Build configuration list for PBXNativeTarget "RikuQuizApp" */ = {
			isa = XCConfigurationList;
			buildConfigurations = (
				4097452127812AC1007EE736 /* Debug */,
				4097452227812AC1007EE736 /* Release */,
			);
			defaultConfigurationIsVisible = 0;
			defaultConfigurationName = Release;
		};
/* End XCConfigurationList section */
	};
	rootObject = 4097450427812AB5007EE736 /* Project object */;
}
